
Microsoft Visual Studio Solution File, Format Version 12.00
# Visual Studio 15
VisualStudioVersion = 15.0.27130.2026
MinimumVisualStudioVersion = 10.0.40219.1
Project("{888888A0-9F3D-457C-B088-3A5042F75D52}") = "TRASH", "TRASH\TRASH.pyproj", "{6BC635EB-0719-408C-982A-5B199C2170A4}"
EndProject
Global
	GlobalSection(SolutionConfigurationPlatforms) = preSolution
		Debug|Any CPU = Debug|Any CPU
		Release|Any CPU = Release|Any CPU
	EndGlobalSection
	GlobalSection(ProjectConfigurationPlatforms) = postSolution
		{6BC635EB-0719-408C-982A-5B199C2170A4}.Debug|Any CPU.ActiveCfg = Debug|Any CPU
		{6BC635EB-0719-408C-982A-5B199C2170A4}.Release|Any CPU.ActiveCfg = Release|Any CPU
	EndGlobalSection
	GlobalSection(SolutionProperties) = preSolution
		HideSolutionNode = FALSE
	EndGlobalSection
	GlobalSection(ExtensibilityGlobals) = postSolution
		SolutionGuid = {95018DE1-DB29-4128-B5FF-9861CF224065}
	EndGlobalSection
EndGlobal
